{
  "name": "eslint-config-steelsojka",
  "version": "1.0.0",
  "lockfileVersion": 1,
  "requires": true,
  "dependencies": {
    "eslint-plugin-import-alias": {
      "version": "1.2.0",
      "resolved": "https://registry.npmjs.org/eslint-plugin-import-alias/-/eslint-plugin-import-alias-1.2.0.tgz",
      "integrity": "sha512-hxhpWtaXgBTeCUmQa6EzjKI8vnrk7uej9e+ln2etTMPFAM7Q8xNPdBywSGrWf2mSB018D66sR1ZfdThonXCplg=="
    },
    "eslint-plugin-import-length": {
      "version": "1.0.3",
      "resolved": "https://registry.npmjs.org/eslint-plugin-import-length/-/eslint-plugin-import-length-1.0.3.tgz",
      "integrity": "sha512-BKQ1O37sfaOMlLPiyBrTe8/dzEjo8F8/O8NLFIp/IUdn8YqhpZBUeQb7AdvlzIVTptt/N0etiioeEGAt7Z4IRg=="
    },
    "eslint-plugin-typescript": {
      "version": "0.13.0",
      "resolved": "https://registry.npmjs.org/eslint-plugin-typescript/-/eslint-plugin-typescript-0.13.0.tgz",
      "integrity": "sha512-dN8EwZfkOobYJ6VCFJ0Kd39OLSectdJlkG5L+VmA2BtMunZALQus6XLx21Gkj6vmfmUDk6uEGCB7JCszhvZoTA==",
      "requires": {
        "requireindex": "~1.1.0"
      }
    },
    "eslint-scope": {
      "version": "4.0.0",
      "resolved": "https://registry.npmjs.org/eslint-scope/-/eslint-scope-4.0.0.tgz",
      "integrity": "sha512-1G6UTDi7Jc1ELFwnR58HV4fK9OQK4S6N985f166xqXxpjU6plxFISJa2Ba9KCQuFa8RCnj/lSFJbHo7UFDBnUA==",
      "requires": {
        "esrecurse": "^4.1.0",
        "estraverse": "^4.1.1"
      }
    },
    "eslint-visitor-keys": {
      "version": "1.0.0",
      "resolved": "https://registry.npmjs.org/eslint-visitor-keys/-/eslint-visitor-keys-1.0.0.tgz",
      "integrity": "sha512-qzm/XxIbxm/FHyH341ZrbnMUpe+5Bocte9xkmFMzPMjRaZMcXww+MpBptFvtU+79L362nqiLhekCxCxDPaUMBQ=="
    },
    "esrecurse": {
      "version": "4.2.1",
      "resolved": "https://registry.npmjs.org/esrecurse/-/esrecurse-4.2.1.tgz",
      "integrity": "sha512-64RBB++fIOAXPw3P9cy89qfMlvZEXZkqqJkjqqXIvzP5ezRZjW+lPWjw35UX/3EhUPFYbg5ER4JYgDw4007/DQ==",
      "requires": {
        "estraverse": "^4.1.0"
      }
    },
    "estraverse": {
      "version": "4.2.0",
      "resolved": "https://registry.npmjs.org/estraverse/-/estraverse-4.2.0.tgz",
      "integrity": "sha1-De4/7TH81GlhjOc0IJn8GvoL2xM="
    },
    "lodash": {
      "version": "4.17.11",
      "resolved": "https://registry.npmjs.org/lodash/-/lodash-4.17.11.tgz",
      "integrity": "sha512-cQKh8igo5QUhZ7lg38DYWAxMvjSAKG0A8wGSVimP07SIUEK2UO+arSRKbRZWtelMtN5V0Hkwh5ryOto/SshYIg=="
    },
    "lodash.unescape": {
      "version": "4.0.1",
      "resolved": "https://registry.npmjs.org/lodash.unescape/-/lodash.unescape-4.0.1.tgz",
      "integrity": "sha1-vyJJiGzlFM2hEvrpIYzcBlIR/Jw="
    },
    "requireindex": {
      "version": "1.1.0",
      "resolved": "https://registry.npmjs.org/requireindex/-/requireindex-1.1.0.tgz",
      "integrity": "sha1-5UBLgVV+91225JxacgBIk/4D4WI="
    },
    "semver": {
      "version": "5.5.0",
      "resolved": "https://registry.npmjs.org/semver/-/semver-5.5.0.tgz",
      "integrity": "sha512-4SJ3dm0WAwWy/NVeioZh5AntkdJoWKxHxcmyP622fOkgHa4z3R0TdBJICINyaSDE6uNwVc8gZr+ZinwZAH4xIA=="
    },
    "typescript-eslint-parser": {
      "version": "21.0.1",
      "resolved": "https://registry.npmjs.org/typescript-eslint-parser/-/typescript-eslint-parser-21.0.1.tgz",
      "integrity": "sha512-rdtAzg0eTTv/+YRLBJZBAAuOHHyYiElE2HdkaOGf9kKGce811zP3JRPzDybCJQamdsxyEsMe6CyIk2JCEnw/4g==",
      "requires": {
        "eslint-scope": "^4.0.0",
        "eslint-visitor-keys": "^1.0.0",
        "lodash": "^4.17.11",
        "typescript-estree": "5.0.0"
      }
    },
    "typescript-estree": {
      "version": "5.0.0",
      "resolved": "https://registry.npmjs.org/typescript-estree/-/typescript-estree-5.0.0.tgz",
      "integrity": "sha512-/FHoH7ECP+Y6CLS7MdRD0Hu7b3HgsD7k6ArNWgoXK3fW0eSZGj+t04Mf4aQ6EBj04WoHALkReYMfGbTzaDPKEg==",
      "requires": {
        "lodash.unescape": "4.0.1",
        "semver": "5.5.0"
      }
    }
  }
}
